
Microsoft Visual Studio Solution File, Format Version 12.00
# Visual Studio 15
VisualStudioVersion = 15.0.27004.2006
MinimumVisualStudioVersion = 10.0.40219.1
Project("{2150E333-8FDC-42A3-9474-1A3956D46DE8}") = "Client", "Client", "{0BDD1C5A-AA0C-42F6-9488-DE6F2F36592E}"
EndProject
Project("{2150E333-8FDC-42A3-9474-1A3956D46DE8}") = "Backend", "Backend", "{923A3962-0E73-41F0-8ECA-2053C66BC6B6}"
EndProject
Project("{9A19103F-16F7-4668-BE54-9A1E7A4F7556}") = "ChatApplication", "ChatApplication\ChatApplication\ChatApplication.csproj", "{068D9B31-7ABC-43AA-9BF4-0E4148ED00B8}"
EndProject
Project("{FAE04EC0-301F-11D3-BF4B-00C04F79EFBC}") = "ChatApplication.Android", "ChatApplication\ChatApplication.Android\ChatApplication.Android.csproj", "{DC99988E-4295-43A0-AE3C-801577FA7EA5}"
EndProject
Project("{FAE04EC0-301F-11D3-BF4B-00C04F79EFBC}") = "ChatApplication.iOS", "ChatApplication\ChatApplication.iOS\ChatApplication.iOS.csproj", "{3E886B9B-08E5-473E-9CEE-DF8C0B1968DB}"
EndProject
Project("{FAE04EC0-301F-11D3-BF4B-00C04F79EFBC}") = "ChatApplication.UWP", "ChatApplication\ChatApplication.UWP\ChatApplication.UWP.csproj", "{AF6FA7E3-054F-456D-B48F-351FF76D345D}"
EndProject
Global
	GlobalSection(SolutionConfigurationPlatforms) = preSolution
		Ad-Hoc|Any CPU = Ad-Hoc|Any CPU
		Ad-Hoc|ARM = Ad-Hoc|ARM
		Ad-Hoc|iPhone = Ad-Hoc|iPhone
		Ad-Hoc|iPhoneSimulator = Ad-Hoc|iPhoneSimulator
		Ad-Hoc|x64 = Ad-Hoc|x64
		Ad-Hoc|x86 = Ad-Hoc|x86
		AppStore|Any CPU = AppStore|Any CPU
		AppStore|ARM = AppStore|ARM
		AppStore|iPhone = AppStore|iPhone
		AppStore|iPhoneSimulator = AppStore|iPhoneSimulator
		AppStore|x64 = AppStore|x64
		AppStore|x86 = AppStore|x86
		Debug|Any CPU = Debug|Any CPU
		Debug|ARM = Debug|ARM
		Debug|iPhone = Debug|iPhone
		Debug|iPhoneSimulator = Debug|iPhoneSimulator
		Debug|x64 = Debug|x64
		Debug|x86 = Debug|x86
		Release|Any CPU = Release|Any CPU
		Release|ARM = Release|ARM
		Release|iPhone = Release|iPhone
		Release|iPhoneSimulator = Release|iPhoneSimulator
		Release|x64 = Release|x64
		Release|x86 = Release|x86
	EndGlobalSection
	GlobalSection(ProjectConfigurationPlatforms) = postSolution
		{068D9B31-7ABC-43AA-9BF4-0E4148ED00B8}.Ad-Hoc|Any CPU.ActiveCfg = Debug|Any CPU
		{068D9B31-7ABC-43AA-9BF4-0E4148ED00B8}.Ad-Hoc|Any CPU.Build.0 = Debug|Any CPU
		{068D9B31-7ABC-43AA-9BF4-0E4148ED00B8}.Ad-Hoc|ARM.ActiveCfg = Debug|Any CPU
		{068D9B31-7ABC-43AA-9BF4-0E4148ED00B8}.Ad-Hoc|ARM.Build.0 = Debug|Any CPU
		{068D9B31-7ABC-43AA-9BF4-0E4148ED00B8}.Ad-Hoc|iPhone.ActiveCfg = Debug|Any CPU
		{068D9B31-7ABC-43AA-9BF4-0E4148ED00B8}.Ad-Hoc|iPhone.Build.0 = Debug|Any CPU
		{068D9B31-7ABC-43AA-9BF4-0E4148ED00B8}.Ad-Hoc|iPhoneSimulator.ActiveCfg = Debug|Any CPU
		{068D9B31-7ABC-43AA-9BF4-0E4148ED00B8}.Ad-Hoc|iPhoneSimulator.Build.0 = Debug|Any CPU
		{068D9B31-7ABC-43AA-9BF4-0E4148ED00B8}.Ad-Hoc|x64.ActiveCfg = Debug|Any CPU
		{068D9B31-7ABC-43AA-9BF4-0E4148ED00B8}.Ad-Hoc|x64.Build.0 = Debug|Any CPU
		{068D9B31-7ABC-43AA-9BF4-0E4148ED00B8}.Ad-Hoc|x86.ActiveCfg = Debug|Any CPU
		{068D9B31-7ABC-43AA-9BF4-0E4148ED00B8}.Ad-Hoc|x86.Build.0 = Debug|Any CPU
		{068D9B31-7ABC-43AA-9BF4-0E4148ED00B8}.AppStore|Any CPU.ActiveCfg = Debug|Any CPU
		{068D9B31-7ABC-43AA-9BF4-0E4148ED00B8}.AppStore|Any CPU.Build.0 = Debug|Any CPU
		{068D9B31-7ABC-43AA-9BF4-0E4148ED00B8}.AppStore|ARM.ActiveCfg = Debug|Any CPU
		{068D9B31-7ABC-43AA-9BF4-0E4148ED00B8}.AppStore|ARM.Build.0 = Debug|Any CPU
		{068D9B31-7ABC-43AA-9BF4-0E4148ED00B8}.AppStore|iPhone.ActiveCfg = Debug|Any CPU
		{068D9B31-7ABC-43AA-9BF4-0E4148ED00B8}.AppStore|iPhone.Build.0 = Debug|Any CPU
		{068D9B31-7ABC-43AA-9BF4-0E4148ED00B8}.AppStore|iPhoneSimulator.ActiveCfg = Debug|Any CPU
		{068D9B31-7ABC-43AA-9BF4-0E4148ED00B8}.AppStore|iPhoneSimulator.Build.0 = Debug|Any CPU
		{068D9B31-7ABC-43AA-9BF4-0E4148ED00B8}.AppStore|x64.ActiveCfg = Debug|Any CPU
		{068D9B31-7ABC-43AA-9BF4-0E4148ED00B8}.AppStore|x64.Build.0 = Debug|Any CPU
		{068D9B31-7ABC-43AA-9BF4-0E4148ED00B8}.AppStore|x86.ActiveCfg = Debug|Any CPU
		{068D9B31-7ABC-43AA-9BF4-0E4148ED00B8}.AppStore|x86.Build.0 = Debug|Any CPU
		{068D9B31-7ABC-43AA-9BF4-0E4148ED00B8}.Debug|Any CPU.ActiveCfg = Debug|Any CPU
		{068D9B31-7ABC-43AA-9BF4-0E4148ED00B8}.Debug|Any CPU.Build.0 = Debug|Any CPU
		{068D9B31-7ABC-43AA-9BF4-0E4148ED00B8}.Debug|ARM.ActiveCfg = Debug|Any CPU
		{068D9B31-7ABC-43AA-9BF4-0E4148ED00B8}.Debug|ARM.Build.0 = Debug|Any CPU
		{068D9B31-7ABC-43AA-9BF4-0E4148ED00B8}.Debug|iPhone.ActiveCfg = Debug|Any CPU
		{068D9B31-7ABC-43AA-9BF4-0E4148ED00B8}.Debug|iPhone.Build.0 = Debug|Any CPU
		{068D9B31-7ABC-43AA-9BF4-0E4148ED00B8}.Debug|iPhoneSimulator.ActiveCfg = Debug|Any CPU
		{068D9B31-7ABC-43AA-9BF4-0E4148ED00B8}.Debug|iPhoneSimulator.Build.0 = Debug|Any CPU
		{068D9B31-7ABC-43AA-9BF4-0E4148ED00B8}.Debug|x64.ActiveCfg = Debug|Any CPU
		{068D9B31-7ABC-43AA-9BF4-0E4148ED00B8}.Debug|x64.Build.0 = Debug|Any CPU
		{068D9B31-7ABC-43AA-9BF4-0E4148ED00B8}.Debug|x86.ActiveCfg = Debug|Any CPU
		{068D9B31-7ABC-43AA-9BF4-0E4148ED00B8}.Debug|x86.Build.0 = Debug|Any CPU
		{068D9B31-7ABC-43AA-9BF4-0E4148ED00B8}.Release|Any CPU.ActiveCfg = Release|Any CPU
		{068D9B31-7ABC-43AA-9BF4-0E4148ED00B8}.Release|Any CPU.Build.0 = Release|Any CPU
		{068D9B31-7ABC-43AA-9BF4-0E4148ED00B8}.Release|ARM.ActiveCfg = Release|Any CPU
		{068D9B31-7ABC-43AA-9BF4-0E4148ED00B8}.Release|ARM.Build.0 = Release|Any CPU
		{068D9B31-7ABC-43AA-9BF4-0E4148ED00B8}.Release|iPhone.ActiveCfg = Release|Any CPU
		{068D9B31-7ABC-43AA-9BF4-0E4148ED00B8}.Release|iPhone.Build.0 = Release|Any CPU
		{068D9B31-7ABC-43AA-9BF4-0E4148ED00B8}.Release|iPhoneSimulator.ActiveCfg = Release|Any CPU
		{068D9B31-7ABC-43AA-9BF4-0E4148ED00B8}.Release|iPhoneSimulator.Build.0 = Release|Any CPU
		{068D9B31-7ABC-43AA-9BF4-0E4148ED00B8}.Release|x64.ActiveCfg = Release|Any CPU
		{068D9B31-7ABC-43AA-9BF4-0E4148ED00B8}.Release|x64.Build.0 = Release|Any CPU
		{068D9B31-7ABC-43AA-9BF4-0E4148ED00B8}.Release|x86.ActiveCfg = Release|Any CPU
		{068D9B31-7ABC-43AA-9BF4-0E4148ED00B8}.Release|x86.Build.0 = Release|Any CPU
		{DC99988E-4295-43A0-AE3C-801577FA7EA5}.Ad-Hoc|Any CPU.ActiveCfg = Release|Any CPU
		{DC99988E-4295-43A0-AE3C-801577FA7EA5}.Ad-Hoc|Any CPU.Build.0 = Release|Any CPU
		{DC99988E-4295-43A0-AE3C-801577FA7EA5}.Ad-Hoc|Any CPU.Deploy.0 = Release|Any CPU
		{DC99988E-4295-43A0-AE3C-801577FA7EA5}.Ad-Hoc|ARM.ActiveCfg = Release|Any CPU
		{DC99988E-4295-43A0-AE3C-801577FA7EA5}.Ad-Hoc|ARM.Build.0 = Release|Any CPU
		{DC99988E-4295-43A0-AE3C-801577FA7EA5}.Ad-Hoc|ARM.Deploy.0 = Release|Any CPU
		{DC99988E-4295-43A0-AE3C-801577FA7EA5}.Ad-Hoc|iPhone.ActiveCfg = Release|Any CPU
		{DC99988E-4295-43A0-AE3C-801577FA7EA5}.Ad-Hoc|iPhone.Build.0 = Release|Any CPU
		{DC99988E-4295-43A0-AE3C-801577FA7EA5}.Ad-Hoc|iPhone.Deploy.0 = Release|Any CPU
		{DC99988E-4295-43A0-AE3C-801577FA7EA5}.Ad-Hoc|iPhoneSimulator.ActiveCfg = Release|Any CPU
		{DC99988E-4295-43A0-AE3C-801577FA7EA5}.Ad-Hoc|iPhoneSimulator.Build.0 = Release|Any CPU
		{DC99988E-4295-43A0-AE3C-801577FA7EA5}.Ad-Hoc|iPhoneSimulator.Deploy.0 = Release|Any CPU
		{DC99988E-4295-43A0-AE3C-801577FA7EA5}.Ad-Hoc|x64.ActiveCfg = Release|Any CPU
		{DC99988E-4295-43A0-AE3C-801577FA7EA5}.Ad-Hoc|x64.Build.0 = Release|Any CPU
		{DC99988E-4295-43A0-AE3C-801577FA7EA5}.Ad-Hoc|x64.Deploy.0 = Release|Any CPU
		{DC99988E-4295-43A0-AE3C-801577FA7EA5}.Ad-Hoc|x86.ActiveCfg = Release|Any CPU
		{DC99988E-4295-43A0-AE3C-801577FA7EA5}.Ad-Hoc|x86.Build.0 = Release|Any CPU
		{DC99988E-4295-43A0-AE3C-801577FA7EA5}.Ad-Hoc|x86.Deploy.0 = Release|Any CPU
		{DC99988E-4295-43A0-AE3C-801577FA7EA5}.AppStore|Any CPU.ActiveCfg = Release|Any CPU
		{DC99988E-4295-43A0-AE3C-801577FA7EA5}.AppStore|Any CPU.Build.0 = Release|Any CPU
		{DC99988E-4295-43A0-AE3C-801577FA7EA5}.AppStore|Any CPU.Deploy.0 = Release|Any CPU
		{DC99988E-4295-43A0-AE3C-801577FA7EA5}.AppStore|ARM.ActiveCfg = Release|Any CPU
		{DC99988E-4295-43A0-AE3C-801577FA7EA5}.AppStore|ARM.Build.0 = Release|Any CPU
		{DC99988E-4295-43A0-AE3C-801577FA7EA5}.AppStore|ARM.Deploy.0 = Release|Any CPU
		{DC99988E-4295-43A0-AE3C-801577FA7EA5}.AppStore|iPhone.ActiveCfg = Release|Any CPU
		{DC99988E-4295-43A0-AE3C-801577FA7EA5}.AppStore|iPhone.Build.0 = Release|Any CPU
		{DC99988E-4295-43A0-AE3C-801577FA7EA5}.AppStore|iPhone.Deploy.0 = Release|Any CPU
		{DC99988E-4295-43A0-AE3C-801577FA7EA5}.AppStore|iPhoneSimulator.ActiveCfg = Release|Any CPU
		{DC99988E-4295-43A0-AE3C-801577FA7EA5}.AppStore|iPhoneSimulator.Build.0 = Release|Any CPU
		{DC99988E-4295-43A0-AE3C-801577FA7EA5}.AppStore|iPhoneSimulator.Deploy.0 = Release|Any CPU
		{DC99988E-4295-43A0-AE3C-801577FA7EA5}.AppStore|x64.ActiveCfg = Release|Any CPU
		{DC99988E-4295-43A0-AE3C-801577FA7EA5}.AppStore|x64.Build.0 = Release|Any CPU
		{DC99988E-4295-43A0-AE3C-801577FA7EA5}.AppStore|x64.Deploy.0 = Release|Any CPU
		{DC99988E-4295-43A0-AE3C-801577FA7EA5}.AppStore|x86.ActiveCfg = Release|Any CPU
		{DC99988E-4295-43A0-AE3C-801577FA7EA5}.AppStore|x86.Build.0 = Release|Any CPU
		{DC99988E-4295-43A0-AE3C-801577FA7EA5}.AppStore|x86.Deploy.0 = Release|Any CPU
		{DC99988E-4295-43A0-AE3C-801577FA7EA5}.Debug|Any CPU.ActiveCfg = Debug|Any CPU
		{DC99988E-4295-43A0-AE3C-801577FA7EA5}.Debug|Any CPU.Build.0 = Debug|Any CPU
		{DC99988E-4295-43A0-AE3C-801577FA7EA5}.Debug|Any CPU.Deploy.0 = Debug|Any CPU
		{DC99988E-4295-43A0-AE3C-801577FA7EA5}.Debug|ARM.ActiveCfg = Debug|Any CPU
		{DC99988E-4295-43A0-AE3C-801577FA7EA5}.Debug|ARM.Build.0 = Debug|Any CPU
		{DC99988E-4295-43A0-AE3C-801577FA7EA5}.Debug|ARM.Deploy.0 = Debug|Any CPU
		{DC99988E-4295-43A0-AE3C-801577FA7EA5}.Debug|iPhone.ActiveCfg = Debug|Any CPU
		{DC99988E-4295-43A0-AE3C-801577FA7EA5}.Debug|iPhone.Build.0 = Debug|Any CPU
		{DC99988E-4295-43A0-AE3C-801577FA7EA5}.Debug|iPhone.Deploy.0 = Debug|Any CPU
		{DC99988E-4295-43A0-AE3C-801577FA7EA5}.Debug|iPhoneSimulator.ActiveCfg = Debug|Any CPU
		{DC99988E-4295-43A0-AE3C-801577FA7EA5}.Debug|iPhoneSimulator.Build.0 = Debug|Any CPU
		{DC99988E-4295-43A0-AE3C-801577FA7EA5}.Debug|iPhoneSimulator.Deploy.0 = Debug|Any CPU
		{DC99988E-4295-43A0-AE3C-801577FA7EA5}.Debug|x64.ActiveCfg = Debug|Any CPU
		{DC99988E-4295-43A0-AE3C-801577FA7EA5}.Debug|x64.Build.0 = Debug|Any CPU
		{DC99988E-4295-43A0-AE3C-801577FA7EA5}.Debug|x64.Deploy.0 = Debug|Any CPU
		{DC99988E-4295-43A0-AE3C-801577FA7EA5}.Debug|x86.ActiveCfg = Debug|Any CPU
		{DC99988E-4295-43A0-AE3C-801577FA7EA5}.Debug|x86.Build.0 = Debug|Any CPU
		{DC99988E-4295-43A0-AE3C-801577FA7EA5}.Debug|x86.Deploy.0 = Debug|Any CPU
		{DC99988E-4295-43A0-AE3C-801577FA7EA5}.Release|Any CPU.ActiveCfg = Release|Any CPU
		{DC99988E-4295-43A0-AE3C-801577FA7EA5}.Release|Any CPU.Build.0 = Release|Any CPU
		{DC99988E-4295-43A0-AE3C-801577FA7EA5}.Release|Any CPU.Deploy.0 = Release|Any CPU
		{DC99988E-4295-43A0-AE3C-801577FA7EA5}.Release|ARM.ActiveCfg = Release|Any CPU
		{DC99988E-4295-43A0-AE3C-801577FA7EA5}.Release|ARM.Build.0 = Release|Any CPU
		{DC99988E-4295-43A0-AE3C-801577FA7EA5}.Release|ARM.Deploy.0 = Release|Any CPU
		{DC99988E-4295-43A0-AE3C-801577FA7EA5}.Release|iPhone.ActiveCfg = Release|Any CPU
		{DC99988E-4295-43A0-AE3C-801577FA7EA5}.Release|iPhone.Build.0 = Release|Any CPU
		{DC99988E-4295-43A0-AE3C-801577FA7EA5}.Release|iPhone.Deploy.0 = Release|Any CPU
		{DC99988E-4295-43A0-AE3C-801577FA7EA5}.Release|iPhoneSimulator.ActiveCfg = Release|Any CPU
		{DC99988E-4295-43A0-AE3C-801577FA7EA5}.Release|iPhoneSimulator.Build.0 = Release|Any CPU
		{DC99988E-4295-43A0-AE3C-801577FA7EA5}.Release|iPhoneSimulator.Deploy.0 = Release|Any CPU
		{DC99988E-4295-43A0-AE3C-801577FA7EA5}.Release|x64.ActiveCfg = Release|Any CPU
		{DC99988E-4295-43A0-AE3C-801577FA7EA5}.Release|x64.Build.0 = Release|Any CPU
		{DC99988E-4295-43A0-AE3C-801577FA7EA5}.Release|x64.Deploy.0 = Release|Any CPU
		{DC99988E-4295-43A0-AE3C-801577FA7EA5}.Release|x86.ActiveCfg = Release|Any CPU
		{DC99988E-4295-43A0-AE3C-801577FA7EA5}.Release|x86.Build.0 = Release|Any CPU
		{DC99988E-4295-43A0-AE3C-801577FA7EA5}.Release|x86.Deploy.0 = Release|Any CPU
		{3E886B9B-08E5-473E-9CEE-DF8C0B1968DB}.Ad-Hoc|Any CPU.ActiveCfg = Ad-Hoc|iPhone
		{3E886B9B-08E5-473E-9CEE-DF8C0B1968DB}.Ad-Hoc|ARM.ActiveCfg = Ad-Hoc|iPhone
		{3E886B9B-08E5-473E-9CEE-DF8C0B1968DB}.Ad-Hoc|iPhone.ActiveCfg = Ad-Hoc|iPhone
		{3E886B9B-08E5-473E-9CEE-DF8C0B1968DB}.Ad-Hoc|iPhone.Build.0 = Ad-Hoc|iPhone
		{3E886B9B-08E5-473E-9CEE-DF8C0B1968DB}.Ad-Hoc|iPhoneSimulator.ActiveCfg = Ad-Hoc|iPhoneSimulator
		{3E886B9B-08E5-473E-9CEE-DF8C0B1968DB}.Ad-Hoc|iPhoneSimulator.Build.0 = Ad-Hoc|iPhoneSimulator
		{3E886B9B-08E5-473E-9CEE-DF8C0B1968DB}.Ad-Hoc|x64.ActiveCfg = Ad-Hoc|iPhone
		{3E886B9B-08E5-473E-9CEE-DF8C0B1968DB}.Ad-Hoc|x86.ActiveCfg = Ad-Hoc|iPhone
		{3E886B9B-08E5-473E-9CEE-DF8C0B1968DB}.AppStore|Any CPU.ActiveCfg = AppStore|iPhone
		{3E886B9B-08E5-473E-9CEE-DF8C0B1968DB}.AppStore|ARM.ActiveCfg = AppStore|iPhone
		{3E886B9B-08E5-473E-9CEE-DF8C0B1968DB}.AppStore|iPhone.ActiveCfg = AppStore|iPhone
		{3E886B9B-08E5-473E-9CEE-DF8C0B1968DB}.AppStore|iPhone.Build.0 = AppStore|iPhone
		{3E886B9B-08E5-473E-9CEE-DF8C0B1968DB}.AppStore|iPhoneSimulator.ActiveCfg = AppStore|iPhoneSimulator
		{3E886B9B-08E5-473E-9CEE-DF8C0B1968DB}.AppStore|iPhoneSimulator.Build.0 = AppStore|iPhoneSimulator
		{3E886B9B-08E5-473E-9CEE-DF8C0B1968DB}.AppStore|x64.ActiveCfg = AppStore|iPhone
		{3E886B9B-08E5-473E-9CEE-DF8C0B1968DB}.AppStore|x86.ActiveCfg = AppStore|iPhone
		{3E886B9B-08E5-473E-9CEE-DF8C0B1968DB}.Debug|Any CPU.ActiveCfg = Debug|iPhone
		{3E886B9B-08E5-473E-9CEE-DF8C0B1968DB}.Debug|ARM.ActiveCfg = Debug|iPhone
		{3E886B9B-08E5-473E-9CEE-DF8C0B1968DB}.Debug|iPhone.ActiveCfg = Debug|iPhone
		{3E886B9B-08E5-473E-9CEE-DF8C0B1968DB}.Debug|iPhone.Build.0 = Debug|iPhone
		{3E886B9B-08E5-473E-9CEE-DF8C0B1968DB}.Debug|iPhoneSimulator.ActiveCfg = Debug|iPhoneSimulator
		{3E886B9B-08E5-473E-9CEE-DF8C0B1968DB}.Debug|iPhoneSimulator.Build.0 = Debug|iPhoneSimulator
		{3E886B9B-08E5-473E-9CEE-DF8C0B1968DB}.Debug|x64.ActiveCfg = Debug|iPhone
		{3E886B9B-08E5-473E-9CEE-DF8C0B1968DB}.Debug|x86.ActiveCfg = Debug|iPhone
		{3E886B9B-08E5-473E-9CEE-DF8C0B1968DB}.Release|Any CPU.ActiveCfg = Release|iPhone
		{3E886B9B-08E5-473E-9CEE-DF8C0B1968DB}.Release|ARM.ActiveCfg = Release|iPhone
		{3E886B9B-08E5-473E-9CEE-DF8C0B1968DB}.Release|iPhone.ActiveCfg = Release|iPhone
		{3E886B9B-08E5-473E-9CEE-DF8C0B1968DB}.Release|iPhone.Build.0 = Release|iPhone
		{3E886B9B-08E5-473E-9CEE-DF8C0B1968DB}.Release|iPhoneSimulator.ActiveCfg = Release|iPhoneSimulator
		{3E886B9B-08E5-473E-9CEE-DF8C0B1968DB}.Release|iPhoneSimulator.Build.0 = Release|iPhoneSimulator
		{3E886B9B-08E5-473E-9CEE-DF8C0B1968DB}.Release|x64.ActiveCfg = Release|iPhone
		{3E886B9B-08E5-473E-9CEE-DF8C0B1968DB}.Release|x86.ActiveCfg = Release|iPhone
		{AF6FA7E3-054F-456D-B48F-351FF76D345D}.Ad-Hoc|Any CPU.ActiveCfg = Release|x86
		{AF6FA7E3-054F-456D-B48F-351FF76D345D}.Ad-Hoc|Any CPU.Build.0 = Release|x86
		{AF6FA7E3-054F-456D-B48F-351FF76D345D}.Ad-Hoc|Any CPU.Deploy.0 = Release|x86
		{AF6FA7E3-054F-456D-B48F-351FF76D345D}.Ad-Hoc|ARM.ActiveCfg = Release|ARM
		{AF6FA7E3-054F-456D-B48F-351FF76D345D}.Ad-Hoc|ARM.Build.0 = Release|ARM
		{AF6FA7E3-054F-456D-B48F-351FF76D345D}.Ad-Hoc|ARM.Deploy.0 = Release|ARM
		{AF6FA7E3-054F-456D-B48F-351FF76D345D}.Ad-Hoc|iPhone.ActiveCfg = Release|x86
		{AF6FA7E3-054F-456D-B48F-351FF76D345D}.Ad-Hoc|iPhone.Build.0 = Release|x86
		{AF6FA7E3-054F-456D-B48F-351FF76D345D}.Ad-Hoc|iPhone.Deploy.0 = Release|x86
		{AF6FA7E3-054F-456D-B48F-351FF76D345D}.Ad-Hoc|iPhoneSimulator.ActiveCfg = Release|x86
		{AF6FA7E3-054F-456D-B48F-351FF76D345D}.Ad-Hoc|iPhoneSimulator.Build.0 = Release|x86
		{AF6FA7E3-054F-456D-B48F-351FF76D345D}.Ad-Hoc|iPhoneSimulator.Deploy.0 = Release|x86
		{AF6FA7E3-054F-456D-B48F-351FF76D345D}.Ad-Hoc|x64.ActiveCfg = Release|x64
		{AF6FA7E3-054F-456D-B48F-351FF76D345D}.Ad-Hoc|x64.Build.0 = Release|x64
		{AF6FA7E3-054F-456D-B48F-351FF76D345D}.Ad-Hoc|x64.Deploy.0 = Release|x64
		{AF6FA7E3-054F-456D-B48F-351FF76D345D}.Ad-Hoc|x86.ActiveCfg = Release|x86
		{AF6FA7E3-054F-456D-B48F-351FF76D345D}.Ad-Hoc|x86.Build.0 = Release|x86
		{AF6FA7E3-054F-456D-B48F-351FF76D345D}.Ad-Hoc|x86.Deploy.0 = Release|x86
		{AF6FA7E3-054F-456D-B48F-351FF76D345D}.AppStore|Any CPU.ActiveCfg = Release|x86
		{AF6FA7E3-054F-456D-B48F-351FF76D345D}.AppStore|Any CPU.Build.0 = Release|x86
		{AF6FA7E3-054F-456D-B48F-351FF76D345D}.AppStore|Any CPU.Deploy.0 = Release|x86
		{AF6FA7E3-054F-456D-B48F-351FF76D345D}.AppStore|ARM.ActiveCfg = Release|ARM
		{AF6FA7E3-054F-456D-B48F-351FF76D345D}.AppStore|ARM.Build.0 = Release|ARM
		{AF6FA7E3-054F-456D-B48F-351FF76D345D}.AppStore|ARM.Deploy.0 = Release|ARM
		{AF6FA7E3-054F-456D-B48F-351FF76D345D}.AppStore|iPhone.ActiveCfg = Release|x86
		{AF6FA7E3-054F-456D-B48F-351FF76D345D}.AppStore|iPhone.Build.0 = Release|x86
		{AF6FA7E3-054F-456D-B48F-351FF76D345D}.AppStore|iPhone.Deploy.0 = Release|x86
		{AF6FA7E3-054F-456D-B48F-351FF76D345D}.AppStore|iPhoneSimulator.ActiveCfg = Release|x86
		{AF6FA7E3-054F-456D-B48F-351FF76D345D}.AppStore|iPhoneSimulator.Build.0 = Release|x86
		{AF6FA7E3-054F-456D-B48F-351FF76D345D}.AppStore|iPhoneSimulator.Deploy.0 = Release|x86
		{AF6FA7E3-054F-456D-B48F-351FF76D345D}.AppStore|x64.ActiveCfg = Release|x64
		{AF6FA7E3-054F-456D-B48F-351FF76D345D}.AppStore|x64.Build.0 = Release|x64
		{AF6FA7E3-054F-456D-B48F-351FF76D345D}.AppStore|x64.Deploy.0 = Release|x64
		{AF6FA7E3-054F-456D-B48F-351FF76D345D}.AppStore|x86.ActiveCfg = Release|x86
		{AF6FA7E3-054F-456D-B48F-351FF76D345D}.AppStore|x86.Build.0 = Release|x86
		{AF6FA7E3-054F-456D-B48F-351FF76D345D}.AppStore|x86.Deploy.0 = Release|x86
		{AF6FA7E3-054F-456D-B48F-351FF76D345D}.Debug|Any CPU.ActiveCfg = Debug|x86
		{AF6FA7E3-054F-456D-B48F-351FF76D345D}.Debug|ARM.ActiveCfg = Debug|ARM
		{AF6FA7E3-054F-456D-B48F-351FF76D345D}.Debug|ARM.Build.0 = Debug|ARM
		{AF6FA7E3-054F-456D-B48F-351FF76D345D}.Debug|ARM.Deploy.0 = Debug|ARM
		{AF6FA7E3-054F-456D-B48F-351FF76D345D}.Debug|iPhone.ActiveCfg = Debug|x86
		{AF6FA7E3-054F-456D-B48F-351FF76D345D}.Debug|iPhoneSimulator.ActiveCfg = Debug|x86
		{AF6FA7E3-054F-456D-B48F-351FF76D345D}.Debug|x64.ActiveCfg = Debug|x64
		{AF6FA7E3-054F-456D-B48F-351FF76D345D}.Debug|x64.Build.0 = Debug|x64
		{AF6FA7E3-054F-456D-B48F-351FF76D345D}.Debug|x64.Deploy.0 = Debug|x64
		{AF6FA7E3-054F-456D-B48F-351FF76D345D}.Debug|x86.ActiveCfg = Debug|x86
		{AF6FA7E3-054F-456D-B48F-351FF76D345D}.Debug|x86.Build.0 = Debug|x86
		{AF6FA7E3-054F-456D-B48F-351FF76D345D}.Debug|x86.Deploy.0 = Debug|x86
		{AF6FA7E3-054F-456D-B48F-351FF76D345D}.Release|Any CPU.ActiveCfg = Release|x86
		{AF6FA7E3-054F-456D-B48F-351FF76D345D}.Release|ARM.ActiveCfg = Release|ARM
		{AF6FA7E3-054F-456D-B48F-351FF76D345D}.Release|ARM.Build.0 = Release|ARM
		{AF6FA7E3-054F-456D-B48F-351FF76D345D}.Release|ARM.Deploy.0 = Release|ARM
		{AF6FA7E3-054F-456D-B48F-351FF76D345D}.Release|iPhone.ActiveCfg = Release|x86
		{AF6FA7E3-054F-456D-B48F-351FF76D345D}.Release|iPhoneSimulator.ActiveCfg = Release|x86
		{AF6FA7E3-054F-456D-B48F-351FF76D345D}.Release|x64.ActiveCfg = Release|x64
		{AF6FA7E3-054F-456D-B48F-351FF76D345D}.Release|x64.Build.0 = Release|x64
		{AF6FA7E3-054F-456D-B48F-351FF76D345D}.Release|x64.Deploy.0 = Release|x64
		{AF6FA7E3-054F-456D-B48F-351FF76D345D}.Release|x86.ActiveCfg = Release|x86
		{AF6FA7E3-054F-456D-B48F-351FF76D345D}.Release|x86.Build.0 = Release|x86
		{AF6FA7E3-054F-456D-B48F-351FF76D345D}.Release|x86.Deploy.0 = Release|x86
	EndGlobalSection
	GlobalSection(SolutionProperties) = preSolution
		HideSolutionNode = FALSE
	EndGlobalSection
	GlobalSection(NestedProjects) = preSolution
		{068D9B31-7ABC-43AA-9BF4-0E4148ED00B8} = {0BDD1C5A-AA0C-42F6-9488-DE6F2F36592E}
		{DC99988E-4295-43A0-AE3C-801577FA7EA5} = {0BDD1C5A-AA0C-42F6-9488-DE6F2F36592E}
		{3E886B9B-08E5-473E-9CEE-DF8C0B1968DB} = {0BDD1C5A-AA0C-42F6-9488-DE6F2F36592E}
		{AF6FA7E3-054F-456D-B48F-351FF76D345D} = {0BDD1C5A-AA0C-42F6-9488-DE6F2F36592E}
	EndGlobalSection
	GlobalSection(ExtensibilityGlobals) = postSolution
		SolutionGuid = {806290E6-1670-49CF-BFA9-89CADCD2EB3B}
	EndGlobalSection
EndGlobal
